
Microsoft Visual Studio Solution File, Format Version 12.00
# Visual Studio Version 17
VisualStudioVersion = 17.10.35122.118
MinimumVisualStudioVersion = 10.0.40219.1
Project("{FAE04EC0-301F-11D3-BF4B-00C04F79EFBC}") = "cap03_ex02", "cap03_ex02.csproj", "{1401246F-1E14-4991-B2F9-E899B1D08A22}"
EndProject
Global
	GlobalSection(SolutionConfigurationPlatforms) = preSolution
		Debug|Any CPU = Debug|Any CPU
		Release|Any CPU = Release|Any CPU
	EndGlobalSection
	GlobalSection(ProjectConfigurationPlatforms) = postSolution
		{1401246F-1E14-4991-B2F9-E899B1D08A22}.Debug|Any CPU.ActiveCfg = Debug|Any CPU
		{1401246F-1E14-4991-B2F9-E899B1D08A22}.Debug|Any CPU.Build.0 = Debug|Any CPU
		{1401246F-1E14-4991-B2F9-E899B1D08A22}.Release|Any CPU.ActiveCfg = Release|Any CPU
		{1401246F-1E14-4991-B2F9-E899B1D08A22}.Release|Any CPU.Build.0 = Release|Any CPU
	EndGlobalSection
	GlobalSection(SolutionProperties) = preSolution
		HideSolutionNode = FALSE
	EndGlobalSection
	GlobalSection(ExtensibilityGlobals) = postSolution
		SolutionGuid = {59ED5BB7-1E32-4099-AD22-17448EA194ED}
	EndGlobalSection
EndGlobal
