
Microsoft Visual Studio Solution File, Format Version 12.00
# Visual Studio Version 17
VisualStudioVersion = 17.10.35122.118
MinimumVisualStudioVersion = 10.0.40219.1
Project("{FAE04EC0-301F-11D3-BF4B-00C04F79EFBC}") = "cap03_ex06", "cap03_ex06.csproj", "{A27CB09C-539F-47A6-A11E-6F5292CC4966}"
EndProject
Global
	GlobalSection(SolutionConfigurationPlatforms) = preSolution
		Debug|Any CPU = Debug|Any CPU
		Release|Any CPU = Release|Any CPU
	EndGlobalSection
	GlobalSection(ProjectConfigurationPlatforms) = postSolution
		{A27CB09C-539F-47A6-A11E-6F5292CC4966}.Debug|Any CPU.ActiveCfg = Debug|Any CPU
		{A27CB09C-539F-47A6-A11E-6F5292CC4966}.Debug|Any CPU.Build.0 = Debug|Any CPU
		{A27CB09C-539F-47A6-A11E-6F5292CC4966}.Release|Any CPU.ActiveCfg = Release|Any CPU
		{A27CB09C-539F-47A6-A11E-6F5292CC4966}.Release|Any CPU.Build.0 = Release|Any CPU
	EndGlobalSection
	GlobalSection(SolutionProperties) = preSolution
		HideSolutionNode = FALSE
	EndGlobalSection
	GlobalSection(ExtensibilityGlobals) = postSolution
		SolutionGuid = {7F3AD4EE-5301-440B-A39B-50B3A10C0A80}
	EndGlobalSection
EndGlobal
